
Microsoft Visual Studio Solution File, Format Version 12.00
# Visual Studio Version 17
VisualStudioVersion = 17.0.31912.275
MinimumVisualStudioVersion = 10.0.40219.1
Project("{9A19103F-16F7-4668-BE54-9A1E7A4F7556}") = "WebApplication", "WebApplication\WebApplication.csproj", "{1982DBAF-DACD-4CB3-91B1-C8CA1F54DBEE}"
EndProject
Project("{FAE04EC0-301F-11D3-BF4B-00C04F79EFBC}") = "ProductApi", "ProductApi\ProductApi.csproj", "{2A5283DA-CB1B-4623-AFBF-EBC2199572BA}"
EndProject
Project("{FAE04EC0-301F-11D3-BF4B-00C04F79EFBC}") = "Common.Domain", "Common.Domain\Common.Domain.csproj", "{C01864AA-B1D0-4741-B2D7-26F707B46CE0}"
EndProject
Project("{FAE04EC0-301F-11D3-BF4B-00C04F79EFBC}") = "SqlServerInfrastructure", "SqlServerInfrastructure\SqlServerInfrastructure.csproj", "{271F330A-3C6C-43B1-9AC3-3C068CBA80CD}"
EndProject
Global
	GlobalSection(SolutionConfigurationPlatforms) = preSolution
		Debug|Any CPU = Debug|Any CPU
		Release|Any CPU = Release|Any CPU
	EndGlobalSection
	GlobalSection(ProjectConfigurationPlatforms) = postSolution
		{1982DBAF-DACD-4CB3-91B1-C8CA1F54DBEE}.Debug|Any CPU.ActiveCfg = Debug|Any CPU
		{1982DBAF-DACD-4CB3-91B1-C8CA1F54DBEE}.Debug|Any CPU.Build.0 = Debug|Any CPU
		{1982DBAF-DACD-4CB3-91B1-C8CA1F54DBEE}.Release|Any CPU.ActiveCfg = Release|Any CPU
		{1982DBAF-DACD-4CB3-91B1-C8CA1F54DBEE}.Release|Any CPU.Build.0 = Release|Any CPU
		{2A5283DA-CB1B-4623-AFBF-EBC2199572BA}.Debug|Any CPU.ActiveCfg = Debug|Any CPU
		{2A5283DA-CB1B-4623-AFBF-EBC2199572BA}.Debug|Any CPU.Build.0 = Debug|Any CPU
		{2A5283DA-CB1B-4623-AFBF-EBC2199572BA}.Release|Any CPU.ActiveCfg = Release|Any CPU
		{2A5283DA-CB1B-4623-AFBF-EBC2199572BA}.Release|Any CPU.Build.0 = Release|Any CPU
		{C01864AA-B1D0-4741-B2D7-26F707B46CE0}.Debug|Any CPU.ActiveCfg = Debug|Any CPU
		{C01864AA-B1D0-4741-B2D7-26F707B46CE0}.Debug|Any CPU.Build.0 = Debug|Any CPU
		{C01864AA-B1D0-4741-B2D7-26F707B46CE0}.Release|Any CPU.ActiveCfg = Release|Any CPU
		{C01864AA-B1D0-4741-B2D7-26F707B46CE0}.Release|Any CPU.Build.0 = Release|Any CPU
		{271F330A-3C6C-43B1-9AC3-3C068CBA80CD}.Debug|Any CPU.ActiveCfg = Debug|Any CPU
		{271F330A-3C6C-43B1-9AC3-3C068CBA80CD}.Debug|Any CPU.Build.0 = Debug|Any CPU
		{271F330A-3C6C-43B1-9AC3-3C068CBA80CD}.Release|Any CPU.ActiveCfg = Release|Any CPU
		{271F330A-3C6C-43B1-9AC3-3C068CBA80CD}.Release|Any CPU.Build.0 = Release|Any CPU
	EndGlobalSection
	GlobalSection(SolutionProperties) = preSolution
		HideSolutionNode = FALSE
	EndGlobalSection
	GlobalSection(ExtensibilityGlobals) = postSolution
		SolutionGuid = {3DC2D7EA-5AF8-4EA8-BA2A-95C680B262F9}
	EndGlobalSection
EndGlobal
